
Microsoft Visual Studio Solution File, Format Version 12.00
# Visual Studio Version 17
VisualStudioVersion = 17.3.32922.545
MinimumVisualStudioVersion = 10.0.40219.1
Project("{FAE04EC0-301F-11D3-BF4B-00C04F79EFBC}") = "TestProject1", "TestProject1\TestProject1.csproj", "{D3C1C674-F7FE-4F46-8814-14BCC687647B}"
EndProject
Project("{FAE04EC0-301F-11D3-BF4B-00C04F79EFBC}") = "ConsoleApp1", "ConsoleApp1\ConsoleApp1.csproj", "{D8C6253C-8D37-417E-9ACC-36B2358D129C}"
EndProject
Global
	GlobalSection(SolutionConfigurationPlatforms) = preSolution
		Debug|Any CPU = Debug|Any CPU
		Release|Any CPU = Release|Any CPU
	EndGlobalSection
	GlobalSection(ProjectConfigurationPlatforms) = postSolution
		{D3C1C674-F7FE-4F46-8814-14BCC687647B}.Debug|Any CPU.ActiveCfg = Debug|Any CPU
		{D3C1C674-F7FE-4F46-8814-14BCC687647B}.Debug|Any CPU.Build.0 = Debug|Any CPU
		{D3C1C674-F7FE-4F46-8814-14BCC687647B}.Release|Any CPU.ActiveCfg = Release|Any CPU
		{D3C1C674-F7FE-4F46-8814-14BCC687647B}.Release|Any CPU.Build.0 = Release|Any CPU
		{D8C6253C-8D37-417E-9ACC-36B2358D129C}.Debug|Any CPU.ActiveCfg = Debug|Any CPU
		{D8C6253C-8D37-417E-9ACC-36B2358D129C}.Debug|Any CPU.Build.0 = Debug|Any CPU
		{D8C6253C-8D37-417E-9ACC-36B2358D129C}.Release|Any CPU.ActiveCfg = Release|Any CPU
		{D8C6253C-8D37-417E-9ACC-36B2358D129C}.Release|Any CPU.Build.0 = Release|Any CPU
	EndGlobalSection
	GlobalSection(SolutionProperties) = preSolution
		HideSolutionNode = FALSE
	EndGlobalSection
	GlobalSection(ExtensibilityGlobals) = postSolution
		SolutionGuid = {13FE86E1-E845-484E-9B68-375B01398C38}
	EndGlobalSection
EndGlobal
